
Microsoft Visual Studio Solution File, Format Version 12.00
# Visual Studio Version 16
VisualStudioVersion = 16.0.30011.22
MinimumVisualStudioVersion = 10.0.40219.1
Project("{9A19103F-16F7-4668-BE54-9A1E7A4F7556}") = "NaggaServer", "NaggaServer\NaggaServer.csproj", "{FBA31721-7B6E-4B3D-922D-CBF16F43BBB6}"
EndProject
Project("{9A19103F-16F7-4668-BE54-9A1E7A4F7556}") = "Domain", "Domain\Domain.csproj", "{66A6FE64-355D-4723-814A-BD4040DA3365}"
EndProject
Project("{9A19103F-16F7-4668-BE54-9A1E7A4F7556}") = "DataLayer", "DataLayer\DataLayer.csproj", "{47FF86ED-14DE-4D19-A4BA-442955F388EA}"
EndProject
Project("{9A19103F-16F7-4668-BE54-9A1E7A4F7556}") = "BusinessLogic", "BusinessLogic\BusinessLogic.csproj", "{B90CBE19-4085-4443-9FC4-2893D026B024}"
EndProject
Project("{FAE04EC0-301F-11D3-BF4B-00C04F79EFBC}") = "CompositionRoot", "CompositionRoot\CompositionRoot.csproj", "{6C1C0DA9-B89C-4FC5-902A-BA9A6E22EB04}"
EndProject
Project("{FAE04EC0-301F-11D3-BF4B-00C04F79EFBC}") = "Helper", "Helper\Helper.csproj", "{16925287-6DF6-4C01-9483-5638549C9CAC}"
EndProject
Global
	GlobalSection(SolutionConfigurationPlatforms) = preSolution
		Debug|Any CPU = Debug|Any CPU
		Debug|x64 = Debug|x64
		Debug|x86 = Debug|x86
		Release|Any CPU = Release|Any CPU
		Release|x64 = Release|x64
		Release|x86 = Release|x86
	EndGlobalSection
	GlobalSection(ProjectConfigurationPlatforms) = postSolution
		{FBA31721-7B6E-4B3D-922D-CBF16F43BBB6}.Debug|Any CPU.ActiveCfg = Debug|Any CPU
		{FBA31721-7B6E-4B3D-922D-CBF16F43BBB6}.Debug|Any CPU.Build.0 = Debug|Any CPU
		{FBA31721-7B6E-4B3D-922D-CBF16F43BBB6}.Debug|x64.ActiveCfg = Debug|x64
		{FBA31721-7B6E-4B3D-922D-CBF16F43BBB6}.Debug|x64.Build.0 = Debug|x64
		{FBA31721-7B6E-4B3D-922D-CBF16F43BBB6}.Debug|x86.ActiveCfg = Debug|x64
		{FBA31721-7B6E-4B3D-922D-CBF16F43BBB6}.Debug|x86.Build.0 = Debug|x64
		{FBA31721-7B6E-4B3D-922D-CBF16F43BBB6}.Release|Any CPU.ActiveCfg = Release|Any CPU
		{FBA31721-7B6E-4B3D-922D-CBF16F43BBB6}.Release|Any CPU.Build.0 = Release|Any CPU
		{FBA31721-7B6E-4B3D-922D-CBF16F43BBB6}.Release|x64.ActiveCfg = Release|x64
		{FBA31721-7B6E-4B3D-922D-CBF16F43BBB6}.Release|x64.Build.0 = Release|x64
		{FBA31721-7B6E-4B3D-922D-CBF16F43BBB6}.Release|x86.ActiveCfg = Release|x86
		{FBA31721-7B6E-4B3D-922D-CBF16F43BBB6}.Release|x86.Build.0 = Release|x86
		{66A6FE64-355D-4723-814A-BD4040DA3365}.Debug|Any CPU.ActiveCfg = Debug|Any CPU
		{66A6FE64-355D-4723-814A-BD4040DA3365}.Debug|Any CPU.Build.0 = Debug|Any CPU
		{66A6FE64-355D-4723-814A-BD4040DA3365}.Debug|x64.ActiveCfg = Debug|x64
		{66A6FE64-355D-4723-814A-BD4040DA3365}.Debug|x64.Build.0 = Debug|x64
		{66A6FE64-355D-4723-814A-BD4040DA3365}.Debug|x86.ActiveCfg = Debug|x64
		{66A6FE64-355D-4723-814A-BD4040DA3365}.Debug|x86.Build.0 = Debug|x64
		{66A6FE64-355D-4723-814A-BD4040DA3365}.Release|Any CPU.ActiveCfg = Release|Any CPU
		{66A6FE64-355D-4723-814A-BD4040DA3365}.Release|Any CPU.Build.0 = Release|Any CPU
		{66A6FE64-355D-4723-814A-BD4040DA3365}.Release|x64.ActiveCfg = Release|Any CPU
		{66A6FE64-355D-4723-814A-BD4040DA3365}.Release|x64.Build.0 = Release|Any CPU
		{66A6FE64-355D-4723-814A-BD4040DA3365}.Release|x86.ActiveCfg = Release|Any CPU
		{66A6FE64-355D-4723-814A-BD4040DA3365}.Release|x86.Build.0 = Release|Any CPU
		{47FF86ED-14DE-4D19-A4BA-442955F388EA}.Debug|Any CPU.ActiveCfg = Debug|Any CPU
		{47FF86ED-14DE-4D19-A4BA-442955F388EA}.Debug|Any CPU.Build.0 = Debug|Any CPU
		{47FF86ED-14DE-4D19-A4BA-442955F388EA}.Debug|x64.ActiveCfg = Debug|x64
		{47FF86ED-14DE-4D19-A4BA-442955F388EA}.Debug|x64.Build.0 = Debug|x64
		{47FF86ED-14DE-4D19-A4BA-442955F388EA}.Debug|x86.ActiveCfg = Debug|x64
		{47FF86ED-14DE-4D19-A4BA-442955F388EA}.Debug|x86.Build.0 = Debug|x64
		{47FF86ED-14DE-4D19-A4BA-442955F388EA}.Release|Any CPU.ActiveCfg = Release|Any CPU
		{47FF86ED-14DE-4D19-A4BA-442955F388EA}.Release|Any CPU.Build.0 = Release|Any CPU
		{47FF86ED-14DE-4D19-A4BA-442955F388EA}.Release|x64.ActiveCfg = Release|Any CPU
		{47FF86ED-14DE-4D19-A4BA-442955F388EA}.Release|x64.Build.0 = Release|Any CPU
		{47FF86ED-14DE-4D19-A4BA-442955F388EA}.Release|x86.ActiveCfg = Release|Any CPU
		{47FF86ED-14DE-4D19-A4BA-442955F388EA}.Release|x86.Build.0 = Release|Any CPU
		{B90CBE19-4085-4443-9FC4-2893D026B024}.Debug|Any CPU.ActiveCfg = Debug|Any CPU
		{B90CBE19-4085-4443-9FC4-2893D026B024}.Debug|Any CPU.Build.0 = Debug|Any CPU
		{B90CBE19-4085-4443-9FC4-2893D026B024}.Debug|x64.ActiveCfg = Debug|x64
		{B90CBE19-4085-4443-9FC4-2893D026B024}.Debug|x64.Build.0 = Debug|x64
		{B90CBE19-4085-4443-9FC4-2893D026B024}.Debug|x86.ActiveCfg = Debug|x64
		{B90CBE19-4085-4443-9FC4-2893D026B024}.Debug|x86.Build.0 = Debug|x64
		{B90CBE19-4085-4443-9FC4-2893D026B024}.Release|Any CPU.ActiveCfg = Release|Any CPU
		{B90CBE19-4085-4443-9FC4-2893D026B024}.Release|Any CPU.Build.0 = Release|Any CPU
		{B90CBE19-4085-4443-9FC4-2893D026B024}.Release|x64.ActiveCfg = Release|Any CPU
		{B90CBE19-4085-4443-9FC4-2893D026B024}.Release|x64.Build.0 = Release|Any CPU
		{B90CBE19-4085-4443-9FC4-2893D026B024}.Release|x86.ActiveCfg = Release|Any CPU
		{B90CBE19-4085-4443-9FC4-2893D026B024}.Release|x86.Build.0 = Release|Any CPU
		{6C1C0DA9-B89C-4FC5-902A-BA9A6E22EB04}.Debug|Any CPU.ActiveCfg = Debug|Any CPU
		{6C1C0DA9-B89C-4FC5-902A-BA9A6E22EB04}.Debug|Any CPU.Build.0 = Debug|Any CPU
		{6C1C0DA9-B89C-4FC5-902A-BA9A6E22EB04}.Debug|x64.ActiveCfg = Debug|x64
		{6C1C0DA9-B89C-4FC5-902A-BA9A6E22EB04}.Debug|x64.Build.0 = Debug|x64
		{6C1C0DA9-B89C-4FC5-902A-BA9A6E22EB04}.Debug|x86.ActiveCfg = Debug|Any CPU
		{6C1C0DA9-B89C-4FC5-902A-BA9A6E22EB04}.Debug|x86.Build.0 = Debug|Any CPU
		{6C1C0DA9-B89C-4FC5-902A-BA9A6E22EB04}.Release|Any CPU.ActiveCfg = Release|Any CPU
		{6C1C0DA9-B89C-4FC5-902A-BA9A6E22EB04}.Release|Any CPU.Build.0 = Release|Any CPU
		{6C1C0DA9-B89C-4FC5-902A-BA9A6E22EB04}.Release|x64.ActiveCfg = Release|Any CPU
		{6C1C0DA9-B89C-4FC5-902A-BA9A6E22EB04}.Release|x64.Build.0 = Release|Any CPU
		{6C1C0DA9-B89C-4FC5-902A-BA9A6E22EB04}.Release|x86.ActiveCfg = Release|Any CPU
		{6C1C0DA9-B89C-4FC5-902A-BA9A6E22EB04}.Release|x86.Build.0 = Release|Any CPU
		{16925287-6DF6-4C01-9483-5638549C9CAC}.Debug|Any CPU.ActiveCfg = Debug|Any CPU
		{16925287-6DF6-4C01-9483-5638549C9CAC}.Debug|Any CPU.Build.0 = Debug|Any CPU
		{16925287-6DF6-4C01-9483-5638549C9CAC}.Debug|x64.ActiveCfg = Debug|Any CPU
		{16925287-6DF6-4C01-9483-5638549C9CAC}.Debug|x64.Build.0 = Debug|Any CPU
		{16925287-6DF6-4C01-9483-5638549C9CAC}.Debug|x86.ActiveCfg = Debug|Any CPU
		{16925287-6DF6-4C01-9483-5638549C9CAC}.Debug|x86.Build.0 = Debug|Any CPU
		{16925287-6DF6-4C01-9483-5638549C9CAC}.Release|Any CPU.ActiveCfg = Release|Any CPU
		{16925287-6DF6-4C01-9483-5638549C9CAC}.Release|Any CPU.Build.0 = Release|Any CPU
		{16925287-6DF6-4C01-9483-5638549C9CAC}.Release|x64.ActiveCfg = Release|Any CPU
		{16925287-6DF6-4C01-9483-5638549C9CAC}.Release|x64.Build.0 = Release|Any CPU
		{16925287-6DF6-4C01-9483-5638549C9CAC}.Release|x86.ActiveCfg = Release|Any CPU
		{16925287-6DF6-4C01-9483-5638549C9CAC}.Release|x86.Build.0 = Release|Any CPU
	EndGlobalSection
	GlobalSection(SolutionProperties) = preSolution
		HideSolutionNode = FALSE
	EndGlobalSection
	GlobalSection(ExtensibilityGlobals) = postSolution
		SolutionGuid = {23395759-04F2-4934-9C73-964DC251140A}
	EndGlobalSection
EndGlobal
